
Microsoft Visual Studio Solution File, Format Version 12.00
# Visual Studio Version 16
VisualStudioVersion = 16.0.29102.190
MinimumVisualStudioVersion = 10.0.40219.1
Project("{FAE04EC0-301F-11D3-BF4B-00C04F79EFBC}") = "Teste1", "Teste1\Teste1.csproj", "{E8B9D0BB-0B53-4992-9DE2-C5CE3CD873BD}"
EndProject
Global
	GlobalSection(SolutionConfigurationPlatforms) = preSolution
		Debug|Any CPU = Debug|Any CPU
		Release|Any CPU = Release|Any CPU
	EndGlobalSection
	GlobalSection(ProjectConfigurationPlatforms) = postSolution
		{E8B9D0BB-0B53-4992-9DE2-C5CE3CD873BD}.Debug|Any CPU.ActiveCfg = Debug|Any CPU
		{E8B9D0BB-0B53-4992-9DE2-C5CE3CD873BD}.Debug|Any CPU.Build.0 = Debug|Any CPU
		{E8B9D0BB-0B53-4992-9DE2-C5CE3CD873BD}.Release|Any CPU.ActiveCfg = Release|Any CPU
		{E8B9D0BB-0B53-4992-9DE2-C5CE3CD873BD}.Release|Any CPU.Build.0 = Release|Any CPU
	EndGlobalSection
	GlobalSection(SolutionProperties) = preSolution
		HideSolutionNode = FALSE
	EndGlobalSection
	GlobalSection(ExtensibilityGlobals) = postSolution
		SolutionGuid = {BB323369-660F-43AB-9B8E-FF2BC731B682}
	EndGlobalSection
EndGlobal
