
Microsoft Visual Studio Solution File, Format Version 12.00
# Visual Studio Version 16
VisualStudioVersion = 16.0.29102.190
MinimumVisualStudioVersion = 10.0.40219.1
Project("{FAE04EC0-301F-11D3-BF4B-00C04F79EFBC}") = "Aula 11-09 --1", "Aula 11-09 --1\Aula 11-09 --1.csproj", "{81FB8CEE-F290-4C27-9F88-0A5C0E1396AB}"
EndProject
Global
	GlobalSection(SolutionConfigurationPlatforms) = preSolution
		Debug|Any CPU = Debug|Any CPU
		Release|Any CPU = Release|Any CPU
	EndGlobalSection
	GlobalSection(ProjectConfigurationPlatforms) = postSolution
		{81FB8CEE-F290-4C27-9F88-0A5C0E1396AB}.Debug|Any CPU.ActiveCfg = Debug|Any CPU
		{81FB8CEE-F290-4C27-9F88-0A5C0E1396AB}.Debug|Any CPU.Build.0 = Debug|Any CPU
		{81FB8CEE-F290-4C27-9F88-0A5C0E1396AB}.Release|Any CPU.ActiveCfg = Release|Any CPU
		{81FB8CEE-F290-4C27-9F88-0A5C0E1396AB}.Release|Any CPU.Build.0 = Release|Any CPU
	EndGlobalSection
	GlobalSection(SolutionProperties) = preSolution
		HideSolutionNode = FALSE
	EndGlobalSection
	GlobalSection(ExtensibilityGlobals) = postSolution
		SolutionGuid = {EDB0594D-24BA-4EAB-9F36-54122BF40C9B}
	EndGlobalSection
EndGlobal
